{
  "name": "confcodeofconduct.com",
  "version": "1.0.0",
  "lockfileVersion": 1,
  "requires": true,
  "dependencies": {
    "async-cache": {
      "version": "0.1.5",
      "resolved": "https://registry.npmjs.org/async-cache/-/async-cache-0.1.5.tgz",
      "integrity": "sha512-aoFDfpJPyHti+KJN36lZMizBa8F79DoY1fTp3sX9Mt+cYRNTsHZktnNPKVZJCzpm/xhbMmvEYqxsul+rTMS8EQ==",
      "requires": {
        "lru-cache": "~2.3"
      }
    },
    "fd": {
      "version": "0.0.3",
      "resolved": "https://registry.npmjs.org/fd/-/fd-0.0.3.tgz",
      "integrity": "sha512-iAHrIslQb3U68OcMSP0kkNWabp7sSN6d2TBSb2JO3gcLJVDd4owr/hKM4SFJovFOUeeXeItjYgouEDTMWiVAnA=="
    },
    "graceful-fs": {
      "version": "1.2.3",
      "resolved": "https://registry.npmjs.org/graceful-fs/-/graceful-fs-1.2.3.tgz",
      "integrity": "sha512-iiTUZ5vZ+2ZV+h71XAgwCSu6+NAizhFU3Yw8aC/hH5SQ3SnISqEqAek40imAFGtDcwJKNhXvSY+hzIolnLwcdQ==",
      "optional": true
    },
    "lru-cache": {
      "version": "2.3.1",
      "resolved": "https://registry.npmjs.org/lru-cache/-/lru-cache-2.3.1.tgz",
      "integrity": "sha512-EjtmtXFUu+wXm6PW3T6RT1ekQUxobC7B5TDCU0CS0212wzpwKiXs6vLun+JI+OoWmmliWdYqnrpjrlK7W3ELdQ=="
    },
    "mime": {
      "version": "1.2.11",
      "resolved": "https://registry.npmjs.org/mime/-/mime-1.2.11.tgz",
      "integrity": "sha512-Ysa2F/nqTNGHhhm9MV8ure4+Hc+Y8AWiqUdHxsO7xu8zc92ND9f3kpALHjaP026Ft17UfxrMt95c50PLUeynBw=="
    },
    "negotiator": {
      "version": "0.2.8",
      "resolved": "https://registry.npmjs.org/negotiator/-/negotiator-0.2.8.tgz",
      "integrity": "sha512-2iv1EafEsegrlyCHYPn4bMKM0g5wVTNqkdp8AqOggvSLV5znbQfTASWh4eKBqwEcw1awuY8l3U7wX95JSQWFEg=="
    },
    "st": {
      "version": "0.2.6",
      "resolved": "https://registry.npmjs.org/st/-/st-0.2.6.tgz",
      "integrity": "sha512-kpoRXsqv/3HRPlkXcWmMPGgP1PPcRLBAwY2MsjY8p6ga/OzSPYh0vEeIf2UWXkKbZ7xf5S0inp2Pb/qAHjFnJA==",
      "requires": {
        "async-cache": "~0.1.2",
        "fd": "~0.0.2",
        "graceful-fs": "~1.2",
        "mime": "~1.2.7",
        "negotiator": "~0.2.5"
      }
    }
  }
}
